
Microsoft Visual Studio Solution File, Format Version 12.00
# Visual Studio Version 16
VisualStudioVersion = 16.0.30907.101
MinimumVisualStudioVersion = 10.0.40219.1
Project("{FAE04EC0-301F-11D3-BF4B-00C04F79EFBC}") = "SRP", "SRP\SRP.csproj", "{C8EA41FB-1A85-4467-80BA-46A50EDA6985}"
EndProject
Project("{FAE04EC0-301F-11D3-BF4B-00C04F79EFBC}") = "OCP", "OCP\OCP.csproj", "{2AE1938F-B737-4F8D-8238-3C01EC8CCC55}"
EndProject
Project("{FAE04EC0-301F-11D3-BF4B-00C04F79EFBC}") = "LSP", "LSP\LSP.csproj", "{8FA7AA3E-B2DE-40B6-A8D7-5983182F02CD}"
EndProject
Project("{FAE04EC0-301F-11D3-BF4B-00C04F79EFBC}") = "ISP", "ISP\ISP.csproj", "{9992CEF9-D42E-4490-861E-2523166C480E}"
EndProject
Project("{FAE04EC0-301F-11D3-BF4B-00C04F79EFBC}") = "DIP", "DIP\DIP.csproj", "{64CD2667-21F7-4E01-90A2-56700764A036}"
EndProject
Global
	GlobalSection(SolutionConfigurationPlatforms) = preSolution
		Debug|Any CPU = Debug|Any CPU
		Release|Any CPU = Release|Any CPU
	EndGlobalSection
	GlobalSection(ProjectConfigurationPlatforms) = postSolution
		{C8EA41FB-1A85-4467-80BA-46A50EDA6985}.Debug|Any CPU.ActiveCfg = Debug|Any CPU
		{C8EA41FB-1A85-4467-80BA-46A50EDA6985}.Debug|Any CPU.Build.0 = Debug|Any CPU
		{C8EA41FB-1A85-4467-80BA-46A50EDA6985}.Release|Any CPU.ActiveCfg = Release|Any CPU
		{C8EA41FB-1A85-4467-80BA-46A50EDA6985}.Release|Any CPU.Build.0 = Release|Any CPU
		{2AE1938F-B737-4F8D-8238-3C01EC8CCC55}.Debug|Any CPU.ActiveCfg = Debug|Any CPU
		{2AE1938F-B737-4F8D-8238-3C01EC8CCC55}.Debug|Any CPU.Build.0 = Debug|Any CPU
		{2AE1938F-B737-4F8D-8238-3C01EC8CCC55}.Release|Any CPU.ActiveCfg = Release|Any CPU
		{2AE1938F-B737-4F8D-8238-3C01EC8CCC55}.Release|Any CPU.Build.0 = Release|Any CPU
		{8FA7AA3E-B2DE-40B6-A8D7-5983182F02CD}.Debug|Any CPU.ActiveCfg = Debug|Any CPU
		{8FA7AA3E-B2DE-40B6-A8D7-5983182F02CD}.Debug|Any CPU.Build.0 = Debug|Any CPU
		{8FA7AA3E-B2DE-40B6-A8D7-5983182F02CD}.Release|Any CPU.ActiveCfg = Release|Any CPU
		{8FA7AA3E-B2DE-40B6-A8D7-5983182F02CD}.Release|Any CPU.Build.0 = Release|Any CPU
		{9992CEF9-D42E-4490-861E-2523166C480E}.Debug|Any CPU.ActiveCfg = Debug|Any CPU
		{9992CEF9-D42E-4490-861E-2523166C480E}.Debug|Any CPU.Build.0 = Debug|Any CPU
		{9992CEF9-D42E-4490-861E-2523166C480E}.Release|Any CPU.ActiveCfg = Release|Any CPU
		{9992CEF9-D42E-4490-861E-2523166C480E}.Release|Any CPU.Build.0 = Release|Any CPU
		{64CD2667-21F7-4E01-90A2-56700764A036}.Debug|Any CPU.ActiveCfg = Debug|Any CPU
		{64CD2667-21F7-4E01-90A2-56700764A036}.Debug|Any CPU.Build.0 = Debug|Any CPU
		{64CD2667-21F7-4E01-90A2-56700764A036}.Release|Any CPU.ActiveCfg = Release|Any CPU
		{64CD2667-21F7-4E01-90A2-56700764A036}.Release|Any CPU.Build.0 = Release|Any CPU
	EndGlobalSection
	GlobalSection(SolutionProperties) = preSolution
		HideSolutionNode = FALSE
	EndGlobalSection
	GlobalSection(ExtensibilityGlobals) = postSolution
		SolutionGuid = {A76B44A4-58A3-42CF-A65F-F14D279C26BE}
	EndGlobalSection
EndGlobal
